PODS:
  - Alamofire (4.9.1)
  - SDWebImage (5.3.0):
    - SDWebImage/Core (= 5.3.0)
  - SDWebImage/Core (5.3.0)
  - SwiftLint (0.36.0)

DEPENDENCIES:
  - Alamofire
  - SDWebImage (~> 5.0)
  - SwiftLint

SPEC REPOS:
  trunk:
    - Alamofire
    - SDWebImage
    - SwiftLint

SPEC CHECKSUMS:
  Alamofire: 85e8a02c69d6020a0d734f6054870d7ecb75cf18
  SDWebImage: f1afa74b86587c2c63f4e80dfd39b21e3c17b45b
  SwiftLint: fc9859e4e1752340664851f667bb1898b9c90114

PODFILE CHECKSUM: 67562ed317cd709420015b68120718e1580b3a3c

COCOAPODS: 1.8.4
